github.com/go-sql-driver/mysql v1.5.0 h1:ozyZYNQW3x3HtqT1jira07DN2PArx2v7/mN66gGcHOs=
github.com/go-sql-driver/mysql v1.5.0/go.mod h1:DCzpHaOWr8IXmIStZouvnhqoel9Qv2LBy8hT2VhHyBg=
github.com/robfig/cron v1.2.0/go.mod h1:JGuDeoQd7Z6yL4zQhZ3OPEVHB7fL6Ka6skscFHfmt2k=
github.com/solapi/solapi-go v0.0.0-20200915021615-c40e50634106 h1:9vWybt9Ii29xbvGH3d6sX0hmnux6XlRTYyr9LLxir50=
github.com/solapi/solapi-go v0.0.0-20200915021615-c40e50634106/go.mod h1:jRSwb5YRLT/HWWCaeOfVaRgQA1quMEsQw+GG3Mvsaxo=
github.com/solapi/solapi-go v0.0.0-20201012033119-74e3782957e2 h1:7qYmCXbc/jKvzb9kKEjOIjT0yb20OvKt0V/UUAklXhk=
github.com/solapi/solapi-go v0.0.0-20201012033119-74e3782957e2/go.mod h1:jRSwb5YRLT/HWWCaeOfVaRgQA1quMEsQw+GG3Mvsaxo=
github.com/solapi/solapi-go v0.0.0-20201020062305-2e60f1956ce6 h1:muFMmKL6Vlxu943QnWYU0SueLvrE4vtEnwGQunW6B4s=
github.com/solapi/solapi-go v0.0.0-20201020062305-2e60f1956ce6/go.mod h1:jRSwb5YRLT/HWWCaeOfVaRgQA1quMEsQw+GG3Mvsaxo=
github.com/takama/daemon v1.0.0 h1:XS3VLnFKmqw2Z7fQ/dHRarrVjdir9G3z7BEP8osjizQ=
github.com/takama/daemon v1.0.0/go.mod h1:gKlhcjbqtBODg5v9H1nj5dU1a2j2GemtuWSNLD5rxOE=
golang.org/x/sys v0.0.0-20200722175500-76b94024e4b6 h1:X9xIZ1YU8bLZA3l6gqDUHSFiD0GFI9S548h6C8nDtOY=
golang.org/x/sys v0.0.0-20200722175500-76b94024e4b6/go.mod h1:h1NjWce9XRLGQEsW7wpKNCjG9DtNlClVuFLEZdDNbEs=
golang.org/x/sys v0.0.0-20201018230417-eeed37f84f13 h1:5jaG59Zhd+8ZXe8C+lgiAGqkOaZBruqrWclLkgAww34=
golang.org/x/sys v0.0.0-20201018230417-eeed37f84f13/go.mod h1:h1NjWce9XRLGQEsW7wpKNCjG9DtNlClVuFLEZdDNbEs=
